
Microsoft Visual Studio Solution File, Format Version 12.00
# Visual Studio Version 16
VisualStudioVersion = 16.0.30503.244
MinimumVisualStudioVersion = 10.0.40219.1
Project("{FAE04EC0-301F-11D3-BF4B-00C04F79EFBC}") = "FirstGraphApp", "FirstGraphApp\FirstGraphApp.csproj", "{65706A0D-4855-4B09-AF7D-477527EA3E9B}"
EndProject
Global
	GlobalSection(SolutionConfigurationPlatforms) = preSolution
		Debug|Any CPU = Debug|Any CPU
		Release|Any CPU = Release|Any CPU
	EndGlobalSection
	GlobalSection(ProjectConfigurationPlatforms) = postSolution
		{65706A0D-4855-4B09-AF7D-477527EA3E9B}.Debug|Any CPU.ActiveCfg = Debug|Any CPU
		{65706A0D-4855-4B09-AF7D-477527EA3E9B}.Debug|Any CPU.Build.0 = Debug|Any CPU
		{65706A0D-4855-4B09-AF7D-477527EA3E9B}.Release|Any CPU.ActiveCfg = Release|Any CPU
		{65706A0D-4855-4B09-AF7D-477527EA3E9B}.Release|Any CPU.Build.0 = Release|Any CPU
	EndGlobalSection
	GlobalSection(SolutionProperties) = preSolution
		HideSolutionNode = FALSE
	EndGlobalSection
	GlobalSection(ExtensibilityGlobals) = postSolution
		SolutionGuid = {596B6580-2A22-45FE-91F1-2F78AF9E0DE0}
	EndGlobalSection
EndGlobal
