
Microsoft Visual Studio Solution File, Format Version 12.00
# Visual Studio Version 16
VisualStudioVersion = 16.0.30406.217
MinimumVisualStudioVersion = 10.0.40219.1
Project("{FAE04EC0-301F-11D3-BF4B-00C04F79EFBC}") = "FirstGraphSDKApp", "FirstGraphSDKApp\FirstGraphSDKApp.csproj", "{3B27B0C2-1ECF-4ABA-B697-0F8AEBF6E515}"
EndProject
Global
	GlobalSection(SolutionConfigurationPlatforms) = preSolution
		Debug|Any CPU = Debug|Any CPU
		Release|Any CPU = Release|Any CPU
	EndGlobalSection
	GlobalSection(ProjectConfigurationPlatforms) = postSolution
		{3B27B0C2-1ECF-4ABA-B697-0F8AEBF6E515}.Debug|Any CPU.ActiveCfg = Debug|Any CPU
		{3B27B0C2-1ECF-4ABA-B697-0F8AEBF6E515}.Debug|Any CPU.Build.0 = Debug|Any CPU
		{3B27B0C2-1ECF-4ABA-B697-0F8AEBF6E515}.Release|Any CPU.ActiveCfg = Release|Any CPU
		{3B27B0C2-1ECF-4ABA-B697-0F8AEBF6E515}.Release|Any CPU.Build.0 = Release|Any CPU
	EndGlobalSection
	GlobalSection(SolutionProperties) = preSolution
		HideSolutionNode = FALSE
	EndGlobalSection
	GlobalSection(ExtensibilityGlobals) = postSolution
		SolutionGuid = {FE7706D2-8250-42A6-A2E3-4C6E12775B5C}
	EndGlobalSection
EndGlobal
